
Microsoft Visual Studio Solution File, Format Version 12.00
# Visual Studio 2012
Project("{FAE04EC0-301F-11D3-BF4B-00C04F79EFBC}") = "TrainsTests", "TrainsTests\TrainsTests.csproj", "{71E89117-1619-423E-89EF-4C4FD9CE25C7}"
EndProject
Project("{FAE04EC0-301F-11D3-BF4B-00C04F79EFBC}") = "Trains", "Trains\Trains.csproj", "{D04D0E7B-DDF5-4278-B8CD-F7F829F140A6}"
EndProject
Global
	GlobalSection(SolutionConfigurationPlatforms) = preSolution
		Debug|Any CPU = Debug|Any CPU
		Release|Any CPU = Release|Any CPU
	EndGlobalSection
	GlobalSection(ProjectConfigurationPlatforms) = postSolution
		{71E89117-1619-423E-89EF-4C4FD9CE25C7}.Debug|Any CPU.ActiveCfg = Debug|Any CPU
		{71E89117-1619-423E-89EF-4C4FD9CE25C7}.Debug|Any CPU.Build.0 = Debug|Any CPU
		{71E89117-1619-423E-89EF-4C4FD9CE25C7}.Release|Any CPU.ActiveCfg = Release|Any CPU
		{71E89117-1619-423E-89EF-4C4FD9CE25C7}.Release|Any CPU.Build.0 = Release|Any CPU
		{D04D0E7B-DDF5-4278-B8CD-F7F829F140A6}.Debug|Any CPU.ActiveCfg = Debug|Any CPU
		{D04D0E7B-DDF5-4278-B8CD-F7F829F140A6}.Debug|Any CPU.Build.0 = Debug|Any CPU
		{D04D0E7B-DDF5-4278-B8CD-F7F829F140A6}.Release|Any CPU.ActiveCfg = Release|Any CPU
		{D04D0E7B-DDF5-4278-B8CD-F7F829F140A6}.Release|Any CPU.Build.0 = Release|Any CPU
	EndGlobalSection
	GlobalSection(SolutionProperties) = preSolution
		HideSolutionNode = FALSE
	EndGlobalSection
EndGlobal
